// !$*UTF8*$!
{
	archiveVersion = 1;
	classes = {
	};
	objectVersion = 46;
	objects = {

/* Begin PBXBuildFile section */
		00E356F31AD99517003FC87E /* LearnTrulyBareTests.m in Sources */ = {isa = PBXBuildFile; fileRef = 00E356F21AD99517003FC87E /* LearnTrulyBareTests.m */; };
		13B07FBC1A68108700A75B9A /* AppDelegate.m in Sources */ = {isa = PBXBuildFile; fileRef = 13B07FB01A68108700A75B9A /* AppDelegate.m */; };
		13B07FBD1A68108700A75B9A /* LaunchScreen.xib in Resources */ = {isa = PBXBuildFile; fileRef = 13B07FB11A68108700A75B9A /* LaunchScreen.xib */; };
		13B07FBF1A68108700A75B9A /* Images.xcassets in Resources */ = {isa = PBXBuildFile; fileRef = 13B07FB51A68108700A75B9A /* Images.xcassets */; };
		13B07FC11A68108700A75B9A /* main.m in Sources */ = {isa = PBXBuildFile; fileRef = 13B07FB71A68108700A75B9A /* main.m */; };
		2D02E4BC1E0B4A80006451C7 /* AppDelegate.m in Sources */ = {isa = PBXBuildFile; fileRef = 13B07FB01A68108700A75B9A /* AppDelegate.m */; };
		2D02E4BD1E0B4A84006451C7 /* Images.xcassets in Resources */ = {isa = PBXBuildFile; fileRef = 13B07FB51A68108700A75B9A /* Images.xcassets */; };
		2D02E4BF1E0B4AB3006451C7 /* main.m in Sources */ = {isa = PBXBuildFile; fileRef = 13B07FB71A68108700A75B9A /* main.m */; };
		2DCD954D1E0B4F2C00145EB5 /* LearnTrulyBareTests.m in Sources */ = {isa = PBXBuildFile; fileRef = 00E356F21AD99517003FC87E /* LearnTrulyBareTests.m */; };
		90D01C6531CD4731AE128042 /* SourceSansPro-Black.ttf in Resources */ = {isa = PBXBuildFile; fileRef = EA5E415E93F3454C92DABBE1 /* SourceSansPro-Black.ttf */; };
		595E1BE22EF949A4868BB8F2 /* SourceSansPro-BlackItalic.ttf in Resources */ = {isa = PBXBuildFile; fileRef = C1DBB1E70373477A8D632D2E /* SourceSansPro-BlackItalic.ttf */; };
		0002DEC6EE58442AA6B8DBFC /* SourceSansPro-Bold.ttf in Resources */ = {isa = PBXBuildFile; fileRef = 7CA238F6C88E45AEAA4122AB /* SourceSansPro-Bold.ttf */; };
		EE0C3E8AA8CA4D1E84ED117E /* SourceSansPro-BoldItalic.ttf in Resources */ = {isa = PBXBuildFile; fileRef = A5E8BA11218C421DABAF7760 /* SourceSansPro-BoldItalic.ttf */; };
		11C90283B3D44271B536BE00 /* SourceSansPro-ExtraLight.ttf in Resources */ = {isa = PBXBuildFile; fileRef = 266B3426976542B68E4B513A /* SourceSansPro-ExtraLight.ttf */; };
		7F9CB5BDF50642DE887D61B8 /* SourceSansPro-ExtraLightItalic.ttf in Resources */ = {isa = PBXBuildFile; fileRef = 15EA2E95FD384F0CBE44721F /* SourceSansPro-ExtraLightItalic.ttf */; };
		2FDF903EF87B4409A98AEBD0 /* SourceSansPro-Italic.ttf in Resources */ = {isa = PBXBuildFile; fileRef = C71B9097D9E241A7829BBD31 /* SourceSansPro-Italic.ttf */; };
		9FAB2746BA4D444DA0D41835 /* SourceSansPro-Light.ttf in Resources */ = {isa = PBXBuildFile; fileRef = 07121A8FBE0C4C0DB461AB18 /* SourceSansPro-Light.ttf */; };
		E099225E3B0A46FBA3592C11 /* SourceSansPro-LightItalic.ttf in Resources */ = {isa = PBXBuildFile; fileRef = 78732CDA5AE64872A912791D /* SourceSansPro-LightItalic.ttf */; };
		8F96EC57537B47109B80483B /* SourceSansPro-Regular.ttf in Resources */ = {isa = PBXBuildFile; fileRef = E5060DE5D57A4637AC307AED /* SourceSansPro-Regular.ttf */; };
		37670E50E3844B418F2C7BEE /* SourceSansPro-SemiBold.ttf in Resources */ = {isa = PBXBuildFile; fileRef = 03EF1128F7304FCFB762C306 /* SourceSansPro-SemiBold.ttf */; };
		AC4D096A2798467FB7754644 /* SourceSansPro-SemiBoldItalic.ttf in Resources */ = {isa = PBXBuildFile; fileRef = 90C25DA666F144F2B76F37D4 /* SourceSansPro-SemiBoldItalic.ttf */; };
		A6534B18CC514D25A411554E /* th.jpg in Resources */ = {isa = PBXBuildFile; fileRef = 2A4856E577934D4BAA9C2FAF /* th.jpg */; };
		704A145AC5994940879351AA /* back.jpg in Resources */ = {isa = PBXBuildFile; fileRef = 8EDAD0E283DE4C949567A2D9 /* back.jpg */; };
		33072083BA9443E3A5ACC4E1 /* back.png in Resources */ = {isa = PBXBuildFile; fileRef = 1BEBFFD6ED3E422FB0EB4B3C /* back.png */; };
		17F35045CACF454F81CBF5EC /* Logo-wo-background.png in Resources */ = {isa = PBXBuildFile; fileRef = 30C5E8C73380403DAD2487E7 /* Logo-wo-background.png */; };
		72773DBFD5274DDF919E9F1F /* Logo.png in Resources */ = {isa = PBXBuildFile; fileRef = A593E3C6D78541CDBC5C3FE8 /* Logo.png */; };
		D2ED0683F1E74DD390B64716 /* TitilliumWeb-Black.ttf in Resources */ = {isa = PBXBuildFile; fileRef = B9AEBB09F9844034BE968698 /* TitilliumWeb-Black.ttf */; };
		F4B772BE7BE84300A1C1DC94 /* TitilliumWeb-Bold.ttf in Resources */ = {isa = PBXBuildFile; fileRef = 5352992F95A54A1394027F6D /* TitilliumWeb-Bold.ttf */; };
		B825FB4CE4E64117A35D8283 /* TitilliumWeb-BoldItalic.ttf in Resources */ = {isa = PBXBuildFile; fileRef = 70F812A12DDB4BCCA0B8471F /* TitilliumWeb-BoldItalic.ttf */; };
		225FE0BA15A84A358009186C /* TitilliumWeb-ExtraLight.ttf in Resources */ = {isa = PBXBuildFile; fileRef = E77B71BC981A41A798E33D4C /* TitilliumWeb-ExtraLight.ttf */; };
		C8917BBE2F074D689CF8D5C1 /* TitilliumWeb-ExtraLightItalic.ttf in Resources */ = {isa = PBXBuildFile; fileRef = 3BB859CDE9984733BA829CBC /* TitilliumWeb-ExtraLightItalic.ttf */; };
		26A6A3342AFB43E48CC1B368 /* TitilliumWeb-Italic.ttf in Resources */ = {isa = PBXBuildFile; fileRef = 3F1BFD4536E64272BF1D0A12 /* TitilliumWeb-Italic.ttf */; };
		16B8AF2295D046628448CFC0 /* TitilliumWeb-Light.ttf in Resources */ = {isa = PBXBuildFile; fileRef = 1A205F986352479ABE983846 /* TitilliumWeb-Light.ttf */; };
		B03B9DE2CDB64703B162ED49 /* TitilliumWeb-LightItalic.ttf in Resources */ = {isa = PBXBuildFile; fileRef = C473404846F94633A530A322 /* TitilliumWeb-LightItalic.ttf */; };
		55A2DEED629D4A62BC99A059 /* TitilliumWeb-Regular.ttf in Resources */ = {isa = PBXBuildFile; fileRef = 1858603FD23D4D09A7AA3037 /* TitilliumWeb-Regular.ttf */; };
		0B8BC8AF65C5427194C6FF83 /* TitilliumWeb-SemiBold.ttf in Resources */ = {isa = PBXBuildFile; fileRef = 0D7EB6C42F034192ACBC2BEF /* TitilliumWeb-SemiBold.ttf */; };
		2B2CEBC330CA46F4B1C0089F /* TitilliumWeb-SemiBoldItalic.ttf in Resources */ = {isa = PBXBuildFile; fileRef = F624F84B940F41E69A642EE0 /* TitilliumWeb-SemiBoldItalic.ttf */; };
		5BFE4ACF888743889B43DF10 /* AntDesign.ttf in Resources */ = {isa = PBXBuildFile; fileRef = B182325413084DE7A086CC42 /* AntDesign.ttf */; };
		89E69BAFA95D47F6A07225F7 /* Entypo.ttf in Resources */ = {isa = PBXBuildFile; fileRef = EF58097332AD4B87A007B737 /* Entypo.ttf */; };
		AE4D7D5F70994EA9B8CCBF6F /* EvilIcons.ttf in Resources */ = {isa = PBXBuildFile; fileRef = EF0812B9976B410F9B840CAF /* EvilIcons.ttf */; };
		63A578300D0A4A8B8F43AF2A /* Feather.ttf in Resources */ = {isa = PBXBuildFile; fileRef = E4A14B09274947319C7513E5 /* Feather.ttf */; };
		DEA53D3716784CC29965F8B8 /* FontAwesome.ttf in Resources */ = {isa = PBXBuildFile; fileRef = 187F89E60415401083D311F9 /* FontAwesome.ttf */; };
		13A925BDC6314F9DB433F9D9 /* FontAwesome5_Brands.ttf in Resources */ = {isa = PBXBuildFile; fileRef = 57AABF15223F4BCDA4956B18 /* FontAwesome5_Brands.ttf */; };
		3F6BCBC7B129444CBED98C67 /* FontAwesome5_Regular.ttf in Resources */ = {isa = PBXBuildFile; fileRef = A32C592FBAD44136BF73397E /* FontAwesome5_Regular.ttf */; };
		5DA0F5D59F7D46E28E695578 /* FontAwesome5_Solid.ttf in Resources */ = {isa = PBXBuildFile; fileRef = 2D32EF98A0DD4AA6A7709E92 /* FontAwesome5_Solid.ttf */; };
		897F79A661D841FC9D61894F /* Fontisto.ttf in Resources */ = {isa = PBXBuildFile; fileRef = 47EF01D6E5CA4397B005010A /* Fontisto.ttf */; };
		C58B616F33674DAAA4E78A6E /* Foundation.ttf in Resources */ = {isa = PBXBuildFile; fileRef = F78F4C88F66D40B3A66F99CD /* Foundation.ttf */; };
		1840DC5B73DF452DBFE64C8E /* Ionicons.ttf in Resources */ = {isa = PBXBuildFile; fileRef = 5EC13956585447209EE76696 /* Ionicons.ttf */; };
		E7773927891E4172A5446BD2 /* MaterialCommunityIcons.ttf in Resources */ = {isa = PBXBuildFile; fileRef = 90F42C9A3C9E42AFAFA1DA86 /* MaterialCommunityIcons.ttf */; };
		0E279B29F461498D8C6B1B80 /* MaterialIcons.ttf in Resources */ = {isa = PBXBuildFile; fileRef = C00166BC5B9940F488133B52 /* MaterialIcons.ttf */; };
		6362C739998541EE82B5B6F4 /* Octicons.ttf in Resources */ = {isa = PBXBuildFile; fileRef = BC6BB403D09748869797C3C8 /* Octicons.ttf */; };
		4ADF14F936634027A97DA3F1 /* SimpleLineIcons.ttf in Resources */ = {isa = PBXBuildFile; fileRef = 9BB9307225F94731AC0841A0 /* SimpleLineIcons.ttf */; };
		0CD33901E26E45A3A324ED62 /* Zocial.ttf in Resources */ = {isa = PBXBuildFile; fileRef = 20349DA0891642C4B64B1202 /* Zocial.ttf */; };
		2E360E3507984B20B297D000 /* Montserrat-Black.ttf in Resources */ = {isa = PBXBuildFile; fileRef = 8EBEFA8721E04361B1DA26AB /* Montserrat-Black.ttf */; };
		AB289EA2E0094FA2A2E0D428 /* Montserrat-BlackItalic.ttf in Resources */ = {isa = PBXBuildFile; fileRef = 95A2D46DC98E4B8993FA2978 /* Montserrat-BlackItalic.ttf */; };
		BCC7C0B5DAE5474597EF71B4 /* Montserrat-Bold.ttf in Resources */ = {isa = PBXBuildFile; fileRef = 4FE58A69563349CDA9272A4A /* Montserrat-Bold.ttf */; };
		151D4270B40C4FBEBE41D001 /* Montserrat-BoldItalic.ttf in Resources */ = {isa = PBXBuildFile; fileRef = 36952F6B89614EC0BAEDDF13 /* Montserrat-BoldItalic.ttf */; };
		2619F96D7B4C4726A5FF8CCF /* Montserrat-ExtraBold.ttf in Resources */ = {isa = PBXBuildFile; fileRef = 6F8ACCA281C84B2DBF51E7CC /* Montserrat-ExtraBold.ttf */; };
		B8F0D4FF815741E59F0AF723 /* Montserrat-ExtraBoldItalic.ttf in Resources */ = {isa = PBXBuildFile; fileRef = 8564AF460747417B91F5240A /* Montserrat-ExtraBoldItalic.ttf */; };
		FB3579122F664D80A807BD32 /* Montserrat-ExtraLight.ttf in Resources */ = {isa = PBXBuildFile; fileRef = 839F66E37F4A497BABE3AAC4 /* Montserrat-ExtraLight.ttf */; };
		4CA707EDE4904076822EDC68 /* Montserrat-ExtraLightItalic.ttf in Resources */ = {isa = PBXBuildFile; fileRef = 12BA758F50364C8B85B91847 /* Montserrat-ExtraLightItalic.ttf */; };
		64D2CB7C44F64C0D946B929D /* Montserrat-Italic.ttf in Resources */ = {isa = PBXBuildFile; fileRef = 46C4DBF8FDFA4E1A85B9BE1B /* Montserrat-Italic.ttf */; };
		2BBEB5C6C97749CEB5E8B6E7 /* Montserrat-Light.ttf in Resources */ = {isa = PBXBuildFile; fileRef = C853D3C14085426D8B1FAA05 /* Montserrat-Light.ttf */; };
		8FC2E13117F643C7AC1C069C /* Montserrat-LightItalic.ttf in Resources */ = {isa = PBXBuildFile; fileRef = D2E7B756C1DD422B91F58C62 /* Montserrat-LightItalic.ttf */; };
		DFA824B15E14411FBBA6CA91 /* Montserrat-Medium.ttf in Resources */ = {isa = PBXBuildFile; fileRef = 39DB370BFB5940C787D1F434 /* Montserrat-Medium.ttf */; };
		094640D1263B43EC9F042179 /* Montserrat-MediumItalic.ttf in Resources */ = {isa = PBXBuildFile; fileRef = 49D73E10AE044FEA9F0EB8D2 /* Montserrat-MediumItalic.ttf */; };
		268DDBD99F504A50A7785E33 /* Montserrat-Regular.ttf in Resources */ = {isa = PBXBuildFile; fileRef = 26345DEB970B40D282E89225 /* Montserrat-Regular.ttf */; };
		2CA6DD3B5B5345B9B4626BC4 /* Montserrat-SemiBold.ttf in Resources */ = {isa = PBXBuildFile; fileRef = FEE0DFDB95904112966B925B /* Montserrat-SemiBold.ttf */; };
		CDAB01D03AB847E8BCB59753 /* Montserrat-SemiBoldItalic.ttf in Resources */ = {isa = PBXBuildFile; fileRef = C720493DAFB14C2E96790C40 /* Montserrat-SemiBoldItalic.ttf */; };
		80669BD880BD4A628ED83F88 /* Montserrat-Thin.ttf in Resources */ = {isa = PBXBuildFile; fileRef = 651BF6F81B7045CEB80AF1AA /* Montserrat-Thin.ttf */; };
		FC8AA8BBAD6B477B8D3AF6B6 /* Montserrat-ThinItalic.ttf in Resources */ = {isa = PBXBuildFile; fileRef = A464D284F87B47949439F271 /* Montserrat-ThinItalic.ttf */; };
/* End PBXBuildFile section */

/* Begin PBXContainerItemProxy section */
		00E356F41AD99517003FC87E /* PBXContainerItemProxy */ = {
			isa = PBXContainerItemProxy;
			containerPortal = 83CBB9F71A601CBA00E9B192 /* Project object */;
			proxyType = 1;
			remoteGlobalIDString = 13B07F861A680F5B00A75B9A;
			remoteInfo = LearnTrulyBare;
		};
		2D02E4911E0B4A5D006451C7 /* PBXContainerItemProxy */ = {
			isa = PBXContainerItemProxy;
			containerPortal = 83CBB9F71A601CBA00E9B192 /* Project object */;
			proxyType = 1;
			remoteGlobalIDString = 2D02E47A1E0B4A5D006451C7;
			remoteInfo = "LearnTrulyBare-tvOS";
		};
/* End PBXContainerItemProxy section */

/* Begin PBXFileReference section */
		008F07F21AC5B25A0029DE68 /* main.jsbundle */ = {isa = PBXFileReference; fileEncoding = 4; lastKnownFileType = text; path = main.jsbundle; sourceTree = "<group>"; };
		00E356EE1AD99517003FC87E /* LearnTrulyBareTests.xctest */ = {isa = PBXFileReference; explicitFileType = wrapper.cfbundle; includeInIndex = 0; path = LearnTrulyBareTests.xctest; sourceTree = BUILT_PRODUCTS_DIR; };
		00E356F11AD99517003FC87E /* Info.plist */ = {isa = PBXFileReference; lastKnownFileType = text.plist.xml; path = Info.plist; sourceTree = "<group>"; };
		00E356F21AD99517003FC87E /* LearnTrulyBareTests.m */ = {isa = PBXFileReference; lastKnownFileType = sourcecode.c.objc; path = LearnTrulyBareTests.m; sourceTree = "<group>"; };
		13B07F961A680F5B00A75B9A /* LearnTrulyBare.app */ = {isa = PBXFileReference; explicitFileType = wrapper.application; includeInIndex = 0; path = LearnTrulyBare.app; sourceTree = BUILT_PRODUCTS_DIR; };
		13B07FAF1A68108700A75B9A /* AppDelegate.h */ = {isa = PBXFileReference; fileEncoding = 4; lastKnownFileType = sourcecode.c.h; name = AppDelegate.h; path = LearnTrulyBare/AppDelegate.h; sourceTree = "<group>"; };
		13B07FB01A68108700A75B9A /* AppDelegate.m */ = {isa = PBXFileReference; fileEncoding = 4; lastKnownFileType = sourcecode.c.objc; name = AppDelegate.m; path = LearnTrulyBare/AppDelegate.m; sourceTree = "<group>"; };
		13B07FB21A68108700A75B9A /* Base */ = {isa = PBXFileReference; lastKnownFileType = file.xib; name = Base; path = Base.lproj/LaunchScreen.xib; sourceTree = "<group>"; };
		13B07FB51A68108700A75B9A /* Images.xcassets */ = {isa = PBXFileReference; lastKnownFileType = folder.assetcatalog; name = Images.xcassets; path = LearnTrulyBare/Images.xcassets; sourceTree = "<group>"; };
		13B07FB61A68108700A75B9A /* Info.plist */ = {isa = PBXFileReference; fileEncoding = 4; lastKnownFileType = text.plist.xml; name = Info.plist; path = LearnTrulyBare/Info.plist; sourceTree = "<group>"; };
		13B07FB71A68108700A75B9A /* main.m */ = {isa = PBXFileReference; fileEncoding = 4; lastKnownFileType = sourcecode.c.objc; name = main.m; path = LearnTrulyBare/main.m; sourceTree = "<group>"; };
		2D02E47B1E0B4A5D006451C7 /* LearnTrulyBare-tvOS.app */ = {isa = PBXFileReference; explicitFileType = wrapper.application; includeInIndex = 0; path = "LearnTrulyBare-tvOS.app"; sourceTree = BUILT_PRODUCTS_DIR; };
		2D02E4901E0B4A5D006451C7 /* LearnTrulyBare-tvOSTests.xctest */ = {isa = PBXFileReference; explicitFileType = wrapper.cfbundle; includeInIndex = 0; path = "LearnTrulyBare-tvOSTests.xctest"; sourceTree = BUILT_PRODUCTS_DIR; };
		ED297162215061F000B7C4FE /* JavaScriptCore.framework */ = {isa = PBXFileReference; lastKnownFileType = wrapper.framework; name = JavaScriptCore.framework; path = System/Library/Frameworks/JavaScriptCore.framework; sourceTree = SDKROOT; };
		ED2971642150620600B7C4FE /* JavaScriptCore.framework */ = {isa = PBXFileReference; lastKnownFileType = wrapper.framework; name = JavaScriptCore.framework; path = Platforms/AppleTVOS.platform/Developer/SDKs/AppleTVOS12.0.sdk/System/Library/Frameworks/JavaScriptCore.framework; sourceTree = DEVELOPER_DIR; };
		EA5E415E93F3454C92DABBE1 /* SourceSansPro-Black.ttf */ = {isa = PBXFileReference; name = "SourceSansPro-Black.ttf"; path = "../assets/fonts/SourceSansPro-Black.ttf"; sourceTree = "<group>"; fileEncoding = undefined; lastKnownFileType = unknown; explicitFileType = undefined; includeInIndex = 0; };
		C1DBB1E70373477A8D632D2E /* SourceSansPro-BlackItalic.ttf */ = {isa = PBXFileReference; name = "SourceSansPro-BlackItalic.ttf"; path = "../assets/fonts/SourceSansPro-BlackItalic.ttf"; sourceTree = "<group>"; fileEncoding = undefined; lastKnownFileType = unknown; explicitFileType = undefined; includeInIndex = 0; };
		7CA238F6C88E45AEAA4122AB /* SourceSansPro-Bold.ttf */ = {isa = PBXFileReference; name = "SourceSansPro-Bold.ttf"; path = "../assets/fonts/SourceSansPro-Bold.ttf"; sourceTree = "<group>"; fileEncoding = undefined; lastKnownFileType = unknown; explicitFileType = undefined; includeInIndex = 0; };
		A5E8BA11218C421DABAF7760 /* SourceSansPro-BoldItalic.ttf */ = {isa = PBXFileReference; name = "SourceSansPro-BoldItalic.ttf"; path = "../assets/fonts/SourceSansPro-BoldItalic.ttf"; sourceTree = "<group>"; fileEncoding = undefined; lastKnownFileType = unknown; explicitFileType = undefined; includeInIndex = 0; };
		266B3426976542B68E4B513A /* SourceSansPro-ExtraLight.ttf */ = {isa = PBXFileReference; name = "SourceSansPro-ExtraLight.ttf"; path = "../assets/fonts/SourceSansPro-ExtraLight.ttf"; sourceTree = "<group>"; fileEncoding = undefined; lastKnownFileType = unknown; explicitFileType = undefined; includeInIndex = 0; };
		15EA2E95FD384F0CBE44721F /* SourceSansPro-ExtraLightItalic.ttf */ = {isa = PBXFileReference; name = "SourceSansPro-ExtraLightItalic.ttf"; path = "../assets/fonts/SourceSansPro-ExtraLightItalic.ttf"; sourceTree = "<group>"; fileEncoding = undefined; lastKnownFileType = unknown; explicitFileType = undefined; includeInIndex = 0; };
		C71B9097D9E241A7829BBD31 /* SourceSansPro-Italic.ttf */ = {isa = PBXFileReference; name = "SourceSansPro-Italic.ttf"; path = "../assets/fonts/SourceSansPro-Italic.ttf"; sourceTree = "<group>"; fileEncoding = undefined; lastKnownFileType = unknown; explicitFileType = undefined; includeInIndex = 0; };
		07121A8FBE0C4C0DB461AB18 /* SourceSansPro-Light.ttf */ = {isa = PBXFileReference; name = "SourceSansPro-Light.ttf"; path = "../assets/fonts/SourceSansPro-Light.ttf"; sourceTree = "<group>"; fileEncoding = undefined; lastKnownFileType = unknown; explicitFileType = undefined; includeInIndex = 0; };
		78732CDA5AE64872A912791D /* SourceSansPro-LightItalic.ttf */ = {isa = PBXFileReference; name = "SourceSansPro-LightItalic.ttf"; path = "../assets/fonts/SourceSansPro-LightItalic.ttf"; sourceTree = "<group>"; fileEncoding = undefined; lastKnownFileType = unknown; explicitFileType = undefined; includeInIndex = 0; };
		E5060DE5D57A4637AC307AED /* SourceSansPro-Regular.ttf */ = {isa = PBXFileReference; name = "SourceSansPro-Regular.ttf"; path = "../assets/fonts/SourceSansPro-Regular.ttf"; sourceTree = "<group>"; fileEncoding = undefined; lastKnownFileType = unknown; explicitFileType = undefined; includeInIndex = 0; };
		03EF1128F7304FCFB762C306 /* SourceSansPro-SemiBold.ttf */ = {isa = PBXFileReference; name = "SourceSansPro-SemiBold.ttf"; path = "../assets/fonts/SourceSansPro-SemiBold.ttf"; sourceTree = "<group>"; fileEncoding = undefined; lastKnownFileType = unknown; explicitFileType = undefined; includeInIndex = 0; };
		90C25DA666F144F2B76F37D4 /* SourceSansPro-SemiBoldItalic.ttf */ = {isa = PBXFileReference; name = "SourceSansPro-SemiBoldItalic.ttf"; path = "../assets/fonts/SourceSansPro-SemiBoldItalic.ttf"; sourceTree = "<group>"; fileEncoding = undefined; lastKnownFileType = unknown; explicitFileType = undefined; includeInIndex = 0; };
		2A4856E577934D4BAA9C2FAF /* th.jpg */ = {isa = PBXFileReference; name = "th.jpg"; path = "../assets/images/th.jpg"; sourceTree = "<group>"; fileEncoding = undefined; lastKnownFileType = unknown; explicitFileType = undefined; includeInIndex = 0; };
		8EDAD0E283DE4C949567A2D9 /* back.jpg */ = {isa = PBXFileReference; name = "back.jpg"; path = "../assets/images/back.jpg"; sourceTree = "<group>"; fileEncoding = undefined; lastKnownFileType = unknown; explicitFileType = undefined; includeInIndex = 0; };
		1BEBFFD6ED3E422FB0EB4B3C /* back.png */ = {isa = PBXFileReference; name = "back.png"; path = "../assets/images/back.png"; sourceTree = "<group>"; fileEncoding = undefined; lastKnownFileType = unknown; explicitFileType = undefined; includeInIndex = 0; };
		30C5E8C73380403DAD2487E7 /* Logo-wo-background.png */ = {isa = PBXFileReference; name = "Logo-wo-background.png"; path = "../assets/images/Logo-wo-background.png"; sourceTree = "<group>"; fileEncoding = undefined; lastKnownFileType = unknown; explicitFileType = undefined; includeInIndex = 0; };
		A593E3C6D78541CDBC5C3FE8 /* Logo.png */ = {isa = PBXFileReference; name = "Logo.png"; path = "../assets/images/Logo.png"; sourceTree = "<group>"; fileEncoding = undefined; lastKnownFileType = unknown; explicitFileType = undefined; includeInIndex = 0; };
		B9AEBB09F9844034BE968698 /* TitilliumWeb-Black.ttf */ = {isa = PBXFileReference; name = "TitilliumWeb-Black.ttf"; path = "../assets/fonts/TitilliumWeb-Black.ttf"; sourceTree = "<group>"; fileEncoding = undefined; lastKnownFileType = unknown; explicitFileType = undefined; includeInIndex = 0; };
		5352992F95A54A1394027F6D /* TitilliumWeb-Bold.ttf */ = {isa = PBXFileReference; name = "TitilliumWeb-Bold.ttf"; path = "../assets/fonts/TitilliumWeb-Bold.ttf"; sourceTree = "<group>"; fileEncoding = undefined; lastKnownFileType = unknown; explicitFileType = undefined; includeInIndex = 0; };
		70F812A12DDB4BCCA0B8471F /* TitilliumWeb-BoldItalic.ttf */ = {isa = PBXFileReference; name = "TitilliumWeb-BoldItalic.ttf"; path = "../assets/fonts/TitilliumWeb-BoldItalic.ttf"; sourceTree = "<group>"; fileEncoding = undefined; lastKnownFileType = unknown; explicitFileType = undefined; includeInIndex = 0; };
		E77B71BC981A41A798E33D4C /* TitilliumWeb-ExtraLight.ttf */ = {isa = PBXFileReference; name = "TitilliumWeb-ExtraLight.ttf"; path = "../assets/fonts/TitilliumWeb-ExtraLight.ttf"; sourceTree = "<group>"; fileEncoding = undefined; lastKnownFileType = unknown; explicitFileType = undefined; includeInIndex = 0; };
		3BB859CDE9984733BA829CBC /* TitilliumWeb-ExtraLightItalic.ttf */ = {isa = PBXFileReference; name = "TitilliumWeb-ExtraLightItalic.ttf"; path = "../assets/fonts/TitilliumWeb-ExtraLightItalic.ttf"; sourceTree = "<group>"; fileEncoding = undefined; lastKnownFileType = unknown; explicitFileType = undefined; includeInIndex = 0; };
		3F1BFD4536E64272BF1D0A12 /* TitilliumWeb-Italic.ttf */ = {isa = PBXFileReference; name = "TitilliumWeb-Italic.ttf"; path = "../assets/fonts/TitilliumWeb-Italic.ttf"; sourceTree = "<group>"; fileEncoding = undefined; lastKnownFileType = unknown; explicitFileType = undefined; includeInIndex = 0; };
		1A205F986352479ABE983846 /* TitilliumWeb-Light.ttf */ = {isa = PBXFileReference; name = "TitilliumWeb-Light.ttf"; path = "../assets/fonts/TitilliumWeb-Light.ttf"; sourceTree = "<group>"; fileEncoding = undefined; lastKnownFileType = unknown; explicitFileType = undefined; includeInIndex = 0; };
		C473404846F94633A530A322 /* TitilliumWeb-LightItalic.ttf */ = {isa = PBXFileReference; name = "TitilliumWeb-LightItalic.ttf"; path = "../assets/fonts/TitilliumWeb-LightItalic.ttf"; sourceTree = "<group>"; fileEncoding = undefined; lastKnownFileType = unknown; explicitFileType = undefined; includeInIndex = 0; };
		1858603FD23D4D09A7AA3037 /* TitilliumWeb-Regular.ttf */ = {isa = PBXFileReference; name = "TitilliumWeb-Regular.ttf"; path = "../assets/fonts/TitilliumWeb-Regular.ttf"; sourceTree = "<group>"; fileEncoding = undefined; lastKnownFileType = unknown; explicitFileType = undefined; includeInIndex = 0; };
		0D7EB6C42F034192ACBC2BEF /* TitilliumWeb-SemiBold.ttf */ = {isa = PBXFileReference; name = "TitilliumWeb-SemiBold.ttf"; path = "../assets/fonts/TitilliumWeb-SemiBold.ttf"; sourceTree = "<group>"; fileEncoding = undefined; lastKnownFileType = unknown; explicitFileType = undefined; includeInIndex = 0; };
		F624F84B940F41E69A642EE0 /* TitilliumWeb-SemiBoldItalic.ttf */ = {isa = PBXFileReference; name = "TitilliumWeb-SemiBoldItalic.ttf"; path = "../assets/fonts/TitilliumWeb-SemiBoldItalic.ttf"; sourceTree = "<group>"; fileEncoding = undefined; lastKnownFileType = unknown; explicitFileType = undefined; includeInIndex = 0; };
		B182325413084DE7A086CC42 /* AntDesign.ttf */ = {isa = PBXFileReference; name = "AntDesign.ttf"; path = "../node_modules/react-native-vector-icons/Fonts/AntDesign.ttf"; sourceTree = "<group>"; fileEncoding = undefined; lastKnownFileType = unknown; explicitFileType = undefined; includeInIndex = 0; };
		EF58097332AD4B87A007B737 /* Entypo.ttf */ = {isa = PBXFileReference; name = "Entypo.ttf"; path = "../node_modules/react-native-vector-icons/Fonts/Entypo.ttf"; sourceTree = "<group>"; fileEncoding = undefined; lastKnownFileType = unknown; explicitFileType = undefined; includeInIndex = 0; };
		EF0812B9976B410F9B840CAF /* EvilIcons.ttf */ = {isa = PBXFileReference; name = "EvilIcons.ttf"; path = "../node_modules/react-native-vector-icons/Fonts/EvilIcons.ttf"; sourceTree = "<group>"; fileEncoding = undefined; lastKnownFileType = unknown; explicitFileType = undefined; includeInIndex = 0; };
		E4A14B09274947319C7513E5 /* Feather.ttf */ = {isa = PBXFileReference; name = "Feather.ttf"; path = "../node_modules/react-native-vector-icons/Fonts/Feather.ttf"; sourceTree = "<group>"; fileEncoding = undefined; lastKnownFileType = unknown; explicitFileType = undefined; includeInIndex = 0; };
		187F89E60415401083D311F9 /* FontAwesome.ttf */ = {isa = PBXFileReference; name = "FontAwesome.ttf"; path = "../node_modules/react-native-vector-icons/Fonts/FontAwesome.ttf"; sourceTree = "<group>"; fileEncoding = undefined; lastKnownFileType = unknown; explicitFileType = undefined; includeInIndex = 0; };
		57AABF15223F4BCDA4956B18 /* FontAwesome5_Brands.ttf */ = {isa = PBXFileReference; name = "FontAwesome5_Brands.ttf"; path = "../node_modules/react-native-vector-icons/Fonts/FontAwesome5_Brands.ttf"; sourceTree = "<group>"; fileEncoding = undefined; lastKnownFileType = unknown; explicitFileType = undefined; includeInIndex = 0; };
		A32C592FBAD44136BF73397E /* FontAwesome5_Regular.ttf */ = {isa = PBXFileReference; name = "FontAwesome5_Regular.ttf"; path = "../node_modules/react-native-vector-icons/Fonts/FontAwesome5_Regular.ttf"; sourceTree = "<group>"; fileEncoding = undefined; lastKnownFileType = unknown; explicitFileType = undefined; includeInIndex = 0; };
		2D32EF98A0DD4AA6A7709E92 /* FontAwesome5_Solid.ttf */ = {isa = PBXFileReference; name = "FontAwesome5_Solid.ttf"; path = "../node_modules/react-native-vector-icons/Fonts/FontAwesome5_Solid.ttf"; sourceTree = "<group>"; fileEncoding = undefined; lastKnownFileType = unknown; explicitFileType = undefined; includeInIndex = 0; };
		47EF01D6E5CA4397B005010A /* Fontisto.ttf */ = {isa = PBXFileReference; name = "Fontisto.ttf"; path = "../node_modules/react-native-vector-icons/Fonts/Fontisto.ttf"; sourceTree = "<group>"; fileEncoding = undefined; lastKnownFileType = unknown; explicitFileType = undefined; includeInIndex = 0; };
		F78F4C88F66D40B3A66F99CD /* Foundation.ttf */ = {isa = PBXFileReference; name = "Foundation.ttf"; path = "../node_modules/react-native-vector-icons/Fonts/Foundation.ttf"; sourceTree = "<group>"; fileEncoding = undefined; lastKnownFileType = unknown; explicitFileType = undefined; includeInIndex = 0; };
		5EC13956585447209EE76696 /* Ionicons.ttf */ = {isa = PBXFileReference; name = "Ionicons.ttf"; path = "../node_modules/react-native-vector-icons/Fonts/Ionicons.ttf"; sourceTree = "<group>"; fileEncoding = undefined; lastKnownFileType = unknown; explicitFileType = undefined; includeInIndex = 0; };
		90F42C9A3C9E42AFAFA1DA86 /* MaterialCommunityIcons.ttf */ = {isa = PBXFileReference; name = "MaterialCommunityIcons.ttf"; path = "../node_modules/react-native-vector-icons/Fonts/MaterialCommunityIcons.ttf"; sourceTree = "<group>"; fileEncoding = undefined; lastKnownFileType = unknown; explicitFileType = undefined; includeInIndex = 0; };
		C00166BC5B9940F488133B52 /* MaterialIcons.ttf */ = {isa = PBXFileReference; name = "MaterialIcons.ttf"; path = "../node_modules/react-native-vector-icons/Fonts/MaterialIcons.ttf"; sourceTree = "<group>"; fileEncoding = undefined; lastKnownFileType = unknown; explicitFileType = undefined; includeInIndex = 0; };
		BC6BB403D09748869797C3C8 /* Octicons.ttf */ = {isa = PBXFileReference; name = "Octicons.ttf"; path = "../node_modules/react-native-vector-icons/Fonts/Octicons.ttf"; sourceTree = "<group>"; fileEncoding = undefined; lastKnownFileType = unknown; explicitFileType = undefined; includeInIndex = 0; };
		9BB9307225F94731AC0841A0 /* SimpleLineIcons.ttf */ = {isa = PBXFileReference; name = "SimpleLineIcons.ttf"; path = "../node_modules/react-native-vector-icons/Fonts/SimpleLineIcons.ttf"; sourceTree = "<group>"; fileEncoding = undefined; lastKnownFileType = unknown; explicitFileType = undefined; includeInIndex = 0; };
		20349DA0891642C4B64B1202 /* Zocial.ttf */ = {isa = PBXFileReference; name = "Zocial.ttf"; path = "../node_modules/react-native-vector-icons/Fonts/Zocial.ttf"; sourceTree = "<group>"; fileEncoding = undefined; lastKnownFileType = unknown; explicitFileType = undefined; includeInIndex = 0; };
		8EBEFA8721E04361B1DA26AB /* Montserrat-Black.ttf */ = {isa = PBXFileReference; name = "Montserrat-Black.ttf"; path = "../assets/fonts/Montserrat-Black.ttf"; sourceTree = "<group>"; fileEncoding = undefined; lastKnownFileType = unknown; explicitFileType = undefined; includeInIndex = 0; };
		95A2D46DC98E4B8993FA2978 /* Montserrat-BlackItalic.ttf */ = {isa = PBXFileReference; name = "Montserrat-BlackItalic.ttf"; path = "../assets/fonts/Montserrat-BlackItalic.ttf"; sourceTree = "<group>"; fileEncoding = undefined; lastKnownFileType = unknown; explicitFileType = undefined; includeInIndex = 0; };
		4FE58A69563349CDA9272A4A /* Montserrat-Bold.ttf */ = {isa = PBXFileReference; name = "Montserrat-Bold.ttf"; path = "../assets/fonts/Montserrat-Bold.ttf"; sourceTree = "<group>"; fileEncoding = undefined; lastKnownFileType = unknown; explicitFileType = undefined; includeInIndex = 0; };
		36952F6B89614EC0BAEDDF13 /* Montserrat-BoldItalic.ttf */ = {isa = PBXFileReference; name = "Montserrat-BoldItalic.ttf"; path = "../assets/fonts/Montserrat-BoldItalic.ttf"; sourceTree = "<group>"; fileEncoding = undefined; lastKnownFileType = unknown; explicitFileType = undefined; includeInIndex = 0; };
		6F8ACCA281C84B2DBF51E7CC /* Montserrat-ExtraBold.ttf */ = {isa = PBXFileReference; name = "Montserrat-ExtraBold.ttf"; path = "../assets/fonts/Montserrat-ExtraBold.ttf"; sourceTree = "<group>"; fileEncoding = undefined; lastKnownFileType = unknown; explicitFileType = undefined; includeInIndex = 0; };
		8564AF460747417B91F5240A /* Montserrat-ExtraBoldItalic.ttf */ = {isa = PBXFileReference; name = "Montserrat-ExtraBoldItalic.ttf"; path = "../assets/fonts/Montserrat-ExtraBoldItalic.ttf"; sourceTree = "<group>"; fileEncoding = undefined; lastKnownFileType = unknown; explicitFileType = undefined; includeInIndex = 0; };
		839F66E37F4A497BABE3AAC4 /* Montserrat-ExtraLight.ttf */ = {isa = PBXFileReference; name = "Montserrat-ExtraLight.ttf"; path = "../assets/fonts/Montserrat-ExtraLight.ttf"; sourceTree = "<group>"; fileEncoding = undefined; lastKnownFileType = unknown; explicitFileType = undefined; includeInIndex = 0; };
		12BA758F50364C8B85B91847 /* Montserrat-ExtraLightItalic.ttf */ = {isa = PBXFileReference; name = "Montserrat-ExtraLightItalic.ttf"; path = "../assets/fonts/Montserrat-ExtraLightItalic.ttf"; sourceTree = "<group>"; fileEncoding = undefined; lastKnownFileType = unknown; explicitFileType = undefined; includeInIndex = 0; };
		46C4DBF8FDFA4E1A85B9BE1B /* Montserrat-Italic.ttf */ = {isa = PBXFileReference; name = "Montserrat-Italic.ttf"; path = "../assets/fonts/Montserrat-Italic.ttf"; sourceTree = "<group>"; fileEncoding = undefined; lastKnownFileType = unknown; explicitFileType = undefined; includeInIndex = 0; };
		C853D3C14085426D8B1FAA05 /* Montserrat-Light.ttf */ = {isa = PBXFileReference; name = "Montserrat-Light.ttf"; path = "../assets/fonts/Montserrat-Light.ttf"; sourceTree = "<group>"; fileEncoding = undefined; lastKnownFileType = unknown; explicitFileType = undefined; includeInIndex = 0; };
		D2E7B756C1DD422B91F58C62 /* Montserrat-LightItalic.ttf */ = {isa = PBXFileReference; name = "Montserrat-LightItalic.ttf"; path = "../assets/fonts/Montserrat-LightItalic.ttf"; sourceTree = "<group>"; fileEncoding = undefined; lastKnownFileType = unknown; explicitFileType = undefined; includeInIndex = 0; };
		39DB370BFB5940C787D1F434 /* Montserrat-Medium.ttf */ = {isa = PBXFileReference; name = "Montserrat-Medium.ttf"; path = "../assets/fonts/Montserrat-Medium.ttf"; sourceTree = "<group>"; fileEncoding = undefined; lastKnownFileType = unknown; explicitFileType = undefined; includeInIndex = 0; };
		49D73E10AE044FEA9F0EB8D2 /* Montserrat-MediumItalic.ttf */ = {isa = PBXFileReference; name = "Montserrat-MediumItalic.ttf"; path = "../assets/fonts/Montserrat-MediumItalic.ttf"; sourceTree = "<group>"; fileEncoding = undefined; lastKnownFileType = unknown; explicitFileType = undefined; includeInIndex = 0; };
		26345DEB970B40D282E89225 /* Montserrat-Regular.ttf */ = {isa = PBXFileReference; name = "Montserrat-Regular.ttf"; path = "../assets/fonts/Montserrat-Regular.ttf"; sourceTree = "<group>"; fileEncoding = undefined; lastKnownFileType = unknown; explicitFileType = undefined; includeInIndex = 0; };
		FEE0DFDB95904112966B925B /* Montserrat-SemiBold.ttf */ = {isa = PBXFileReference; name = "Montserrat-SemiBold.ttf"; path = "../assets/fonts/Montserrat-SemiBold.ttf"; sourceTree = "<group>"; fileEncoding = undefined; lastKnownFileType = unknown; explicitFileType = undefined; includeInIndex = 0; };
		C720493DAFB14C2E96790C40 /* Montserrat-SemiBoldItalic.ttf */ = {isa = PBXFileReference; name = "Montserrat-SemiBoldItalic.ttf"; path = "../assets/fonts/Montserrat-SemiBoldItalic.ttf"; sourceTree = "<group>"; fileEncoding = undefined; lastKnownFileType = unknown; explicitFileType = undefined; includeInIndex = 0; };
		651BF6F81B7045CEB80AF1AA /* Montserrat-Thin.ttf */ = {isa = PBXFileReference; name = "Montserrat-Thin.ttf"; path = "../assets/fonts/Montserrat-Thin.ttf"; sourceTree = "<group>"; fileEncoding = undefined; lastKnownFileType = unknown; explicitFileType = undefined; includeInIndex = 0; };
		A464D284F87B47949439F271 /* Montserrat-ThinItalic.ttf */ = {isa = PBXFileReference; name = "Montserrat-ThinItalic.ttf"; path = "../assets/fonts/Montserrat-ThinItalic.ttf"; sourceTree = "<group>"; fileEncoding = undefined; lastKnownFileType = unknown; explicitFileType = undefined; includeInIndex = 0; };
/* End PBXFileReference section */

/* Begin PBXFrameworksBuildPhase section */
		00E356EB1AD99517003FC87E /* Frameworks */ = {
			isa = PBXFrameworksBuildPhase;
			buildActionMask = 2147483647;
			files = (
			);
			runOnlyForDeploymentPostprocessing = 0;
		};
		13B07F8C1A680F5B00A75B9A /* Frameworks */ = {
			isa = PBXFrameworksBuildPhase;
			buildActionMask = 2147483647;
			files = (
			);
			runOnlyForDeploymentPostprocessing = 0;
		};
		2D02E4781E0B4A5D006451C7 /* Frameworks */ = {
			isa = PBXFrameworksBuildPhase;
			buildActionMask = 2147483647;
			files = (
			);
			runOnlyForDeploymentPostprocessing = 0;
		};
		2D02E48D1E0B4A5D006451C7 /* Frameworks */ = {
			isa = PBXFrameworksBuildPhase;
			buildActionMask = 2147483647;
			files = (
			);
			runOnlyForDeploymentPostprocessing = 0;
		};
/* End PBXFrameworksBuildPhase section */

/* Begin PBXGroup section */
		00E356EF1AD99517003FC87E /* LearnTrulyBareTests */ = {
			isa = PBXGroup;
			children = (
				00E356F21AD99517003FC87E /* LearnTrulyBareTests.m */,
				00E356F01AD99517003FC87E /* Supporting Files */,
			);
			path = LearnTrulyBareTests;
			sourceTree = "<group>";
		};
		00E356F01AD99517003FC87E /* Supporting Files */ = {
			isa = PBXGroup;
			children = (
				00E356F11AD99517003FC87E /* Info.plist */,
			);
			name = "Supporting Files";
			sourceTree = "<group>";
		};
		13B07FAE1A68108700A75B9A /* LearnTrulyBare */ = {
			isa = PBXGroup;
			children = (
				008F07F21AC5B25A0029DE68 /* main.jsbundle */,
				13B07FAF1A68108700A75B9A /* AppDelegate.h */,
				13B07FB01A68108700A75B9A /* AppDelegate.m */,
				13B07FB51A68108700A75B9A /* Images.xcassets */,
				13B07FB61A68108700A75B9A /* Info.plist */,
				13B07FB11A68108700A75B9A /* LaunchScreen.xib */,
				13B07FB71A68108700A75B9A /* main.m */,
			);
			name = LearnTrulyBare;
			sourceTree = "<group>";
		};
		2D16E6871FA4F8E400B85C8A /* Frameworks */ = {
			isa = PBXGroup;
			children = (
				ED297162215061F000B7C4FE /* JavaScriptCore.framework */,
				ED2971642150620600B7C4FE /* JavaScriptCore.framework */,
			);
			name = Frameworks;
			sourceTree = "<group>";
		};
		832341AE1AAA6A7D00B99B32 /* Libraries */ = {
			isa = PBXGroup;
			children = (
			);
			name = Libraries;
			sourceTree = "<group>";
		};
		83CBB9F61A601CBA00E9B192 = {
			isa = PBXGroup;
			children = (
				13B07FAE1A68108700A75B9A /* LearnTrulyBare */,
				832341AE1AAA6A7D00B99B32 /* Libraries */,
				00E356EF1AD99517003FC87E /* LearnTrulyBareTests */,
				83CBBA001A601CBA00E9B192 /* Products */,
				2D16E6871FA4F8E400B85C8A /* Frameworks */,
				C35BAE57B0EA475C83B61373 /* Resources */,
			);
			indentWidth = 2;
			sourceTree = "<group>";
			tabWidth = 2;
			usesTabs = 0;
		};
		83CBBA001A601CBA00E9B192 /* Products */ = {
			isa = PBXGroup;
			children = (
				13B07F961A680F5B00A75B9A /* LearnTrulyBare.app */,
				00E356EE1AD99517003FC87E /* LearnTrulyBareTests.xctest */,
				2D02E47B1E0B4A5D006451C7 /* LearnTrulyBare-tvOS.app */,
				2D02E4901E0B4A5D006451C7 /* LearnTrulyBare-tvOSTests.xctest */,
			);
			name = Products;
			sourceTree = "<group>";
		};
		C35BAE57B0EA475C83B61373 /* Resources */ = {
			isa = "PBXGroup";
			children = (
				EA5E415E93F3454C92DABBE1 /* SourceSansPro-Black.ttf */,
				C1DBB1E70373477A8D632D2E /* SourceSansPro-BlackItalic.ttf */,
				7CA238F6C88E45AEAA4122AB /* SourceSansPro-Bold.ttf */,
				A5E8BA11218C421DABAF7760 /* SourceSansPro-BoldItalic.ttf */,
				266B3426976542B68E4B513A /* SourceSansPro-ExtraLight.ttf */,
				15EA2E95FD384F0CBE44721F /* SourceSansPro-ExtraLightItalic.ttf */,
				C71B9097D9E241A7829BBD31 /* SourceSansPro-Italic.ttf */,
				07121A8FBE0C4C0DB461AB18 /* SourceSansPro-Light.ttf */,
				78732CDA5AE64872A912791D /* SourceSansPro-LightItalic.ttf */,
				E5060DE5D57A4637AC307AED /* SourceSansPro-Regular.ttf */,
				03EF1128F7304FCFB762C306 /* SourceSansPro-SemiBold.ttf */,
				90C25DA666F144F2B76F37D4 /* SourceSansPro-SemiBoldItalic.ttf */,
				2A4856E577934D4BAA9C2FAF /* th.jpg */,
				8EDAD0E283DE4C949567A2D9 /* back.jpg */,
				1BEBFFD6ED3E422FB0EB4B3C /* back.png */,
				30C5E8C73380403DAD2487E7 /* Logo-wo-background.png */,
				A593E3C6D78541CDBC5C3FE8 /* Logo.png */,
				B9AEBB09F9844034BE968698 /* TitilliumWeb-Black.ttf */,
				5352992F95A54A1394027F6D /* TitilliumWeb-Bold.ttf */,
				70F812A12DDB4BCCA0B8471F /* TitilliumWeb-BoldItalic.ttf */,
				E77B71BC981A41A798E33D4C /* TitilliumWeb-ExtraLight.ttf */,
				3BB859CDE9984733BA829CBC /* TitilliumWeb-ExtraLightItalic.ttf */,
				3F1BFD4536E64272BF1D0A12 /* TitilliumWeb-Italic.ttf */,
				1A205F986352479ABE983846 /* TitilliumWeb-Light.ttf */,
				C473404846F94633A530A322 /* TitilliumWeb-LightItalic.ttf */,
				1858603FD23D4D09A7AA3037 /* TitilliumWeb-Regular.ttf */,
				0D7EB6C42F034192ACBC2BEF /* TitilliumWeb-SemiBold.ttf */,
				F624F84B940F41E69A642EE0 /* TitilliumWeb-SemiBoldItalic.ttf */,
				B182325413084DE7A086CC42 /* AntDesign.ttf */,
				EF58097332AD4B87A007B737 /* Entypo.ttf */,
				EF0812B9976B410F9B840CAF /* EvilIcons.ttf */,
				E4A14B09274947319C7513E5 /* Feather.ttf */,
				187F89E60415401083D311F9 /* FontAwesome.ttf */,
				57AABF15223F4BCDA4956B18 /* FontAwesome5_Brands.ttf */,
				A32C592FBAD44136BF73397E /* FontAwesome5_Regular.ttf */,
				2D32EF98A0DD4AA6A7709E92 /* FontAwesome5_Solid.ttf */,
				47EF01D6E5CA4397B005010A /* Fontisto.ttf */,
				F78F4C88F66D40B3A66F99CD /* Foundation.ttf */,
				5EC13956585447209EE76696 /* Ionicons.ttf */,
				90F42C9A3C9E42AFAFA1DA86 /* MaterialCommunityIcons.ttf */,
				C00166BC5B9940F488133B52 /* MaterialIcons.ttf */,
				BC6BB403D09748869797C3C8 /* Octicons.ttf */,
				9BB9307225F94731AC0841A0 /* SimpleLineIcons.ttf */,
				20349DA0891642C4B64B1202 /* Zocial.ttf */,
				8EBEFA8721E04361B1DA26AB /* Montserrat-Black.ttf */,
				95A2D46DC98E4B8993FA2978 /* Montserrat-BlackItalic.ttf */,
				4FE58A69563349CDA9272A4A /* Montserrat-Bold.ttf */,
				36952F6B89614EC0BAEDDF13 /* Montserrat-BoldItalic.ttf */,
				6F8ACCA281C84B2DBF51E7CC /* Montserrat-ExtraBold.ttf */,
				8564AF460747417B91F5240A /* Montserrat-ExtraBoldItalic.ttf */,
				839F66E37F4A497BABE3AAC4 /* Montserrat-ExtraLight.ttf */,
				12BA758F50364C8B85B91847 /* Montserrat-ExtraLightItalic.ttf */,
				46C4DBF8FDFA4E1A85B9BE1B /* Montserrat-Italic.ttf */,
				C853D3C14085426D8B1FAA05 /* Montserrat-Light.ttf */,
				D2E7B756C1DD422B91F58C62 /* Montserrat-LightItalic.ttf */,
				39DB370BFB5940C787D1F434 /* Montserrat-Medium.ttf */,
				49D73E10AE044FEA9F0EB8D2 /* Montserrat-MediumItalic.ttf */,
				26345DEB970B40D282E89225 /* Montserrat-Regular.ttf */,
				FEE0DFDB95904112966B925B /* Montserrat-SemiBold.ttf */,
				C720493DAFB14C2E96790C40 /* Montserrat-SemiBoldItalic.ttf */,
				651BF6F81B7045CEB80AF1AA /* Montserrat-Thin.ttf */,
				A464D284F87B47949439F271 /* Montserrat-ThinItalic.ttf */,
			);
			name = Resources;
			sourceTree = "<group>";
			path = "";
		};
/* End PBXGroup section */

/* Begin PBXNativeTarget section */
		00E356ED1AD99517003FC87E /* LearnTrulyBareTests */ = {
			isa = PBXNativeTarget;
			buildConfigurationList = 00E357021AD99517003FC87E /* Build configuration list for PBXNativeTarget "LearnTrulyBareTests" */;
			buildPhases = (
				00E356EA1AD99517003FC87E /* Sources */,
				00E356EB1AD99517003FC87E /* Frameworks */,
				00E356EC1AD99517003FC87E /* Resources */,
			);
			buildRules = (
			);
			dependencies = (
				00E356F51AD99517003FC87E /* PBXTargetDependency */,
			);
			name = LearnTrulyBareTests;
			productName = LearnTrulyBareTests;
			productReference = 00E356EE1AD99517003FC87E /* LearnTrulyBareTests.xctest */;
			productType = "com.apple.product-type.bundle.unit-test";
		};
		13B07F861A680F5B00A75B9A /* LearnTrulyBare */ = {
			isa = PBXNativeTarget;
			buildConfigurationList = 13B07F931A680F5B00A75B9A /* Build configuration list for PBXNativeTarget "LearnTrulyBare" */;
			buildPhases = (
				FD10A7F022414F080027D42C /* Start Packager */,
				13B07F871A680F5B00A75B9A /* Sources */,
				13B07F8C1A680F5B00A75B9A /* Frameworks */,
				13B07F8E1A680F5B00A75B9A /* Resources */,
				00DD1BFF1BD5951E006B06BC /* Bundle React Native code and images */,
			);
			buildRules = (
			);
			dependencies = (
			);
			name = LearnTrulyBare;
			productName = LearnTrulyBare;
			productReference = 13B07F961A680F5B00A75B9A /* LearnTrulyBare.app */;
			productType = "com.apple.product-type.application";
		};
		2D02E47A1E0B4A5D006451C7 /* LearnTrulyBare-tvOS */ = {
			isa = PBXNativeTarget;
			buildConfigurationList = 2D02E4BA1E0B4A5E006451C7 /* Build configuration list for PBXNativeTarget "LearnTrulyBare-tvOS" */;
			buildPhases = (
				FD10A7F122414F3F0027D42C /* Start Packager */,
				2D02E4771E0B4A5D006451C7 /* Sources */,
				2D02E4781E0B4A5D006451C7 /* Frameworks */,
				2D02E4791E0B4A5D006451C7 /* Resources */,
				2D02E4CB1E0B4B27006451C7 /* Bundle React Native Code And Images */,
			);
			buildRules = (
			);
			dependencies = (
			);
			name = "LearnTrulyBare-tvOS";
			productName = "LearnTrulyBare-tvOS";
			productReference = 2D02E47B1E0B4A5D006451C7 /* LearnTrulyBare-tvOS.app */;
			productType = "com.apple.product-type.application";
		};
		2D02E48F1E0B4A5D006451C7 /* LearnTrulyBare-tvOSTests */ = {
			isa = PBXNativeTarget;
			buildConfigurationList = 2D02E4BB1E0B4A5E006451C7 /* Build configuration list for PBXNativeTarget "LearnTrulyBare-tvOSTests" */;
			buildPhases = (
				2D02E48C1E0B4A5D006451C7 /* Sources */,
				2D02E48D1E0B4A5D006451C7 /* Frameworks */,
				2D02E48E1E0B4A5D006451C7 /* Resources */,
			);
			buildRules = (
			);
			dependencies = (
				2D02E4921E0B4A5D006451C7 /* PBXTargetDependency */,
			);
			name = "LearnTrulyBare-tvOSTests";
			productName = "LearnTrulyBare-tvOSTests";
			productReference = 2D02E4901E0B4A5D006451C7 /* LearnTrulyBare-tvOSTests.xctest */;
			productType = "com.apple.product-type.bundle.unit-test";
		};
/* End PBXNativeTarget section */

/* Begin PBXProject section */
		83CBB9F71A601CBA00E9B192 /* Project object */ = {
			isa = PBXProject;
			attributes = {
				LastUpgradeCheck = 1130;
				TargetAttributes = {
					00E356ED1AD99517003FC87E = {
						CreatedOnToolsVersion = 6.2;
						TestTargetID = 13B07F861A680F5B00A75B9A;
					};
					13B07F861A680F5B00A75B9A = {
						LastSwiftMigration = 1120;
					};
					2D02E47A1E0B4A5D006451C7 = {
						CreatedOnToolsVersion = 8.2.1;
						ProvisioningStyle = Automatic;
					};
					2D02E48F1E0B4A5D006451C7 = {
						CreatedOnToolsVersion = 8.2.1;
						ProvisioningStyle = Automatic;
						TestTargetID = 2D02E47A1E0B4A5D006451C7;
					};
				};
			};
			buildConfigurationList = 83CBB9FA1A601CBA00E9B192 /* Build configuration list for PBXProject "LearnTrulyBare" */;
			compatibilityVersion = "Xcode 3.2";
			developmentRegion = en;
			hasScannedForEncodings = 0;
			knownRegions = (
				en,
				Base,
			);
			mainGroup = 83CBB9F61A601CBA00E9B192;
			productRefGroup = 83CBBA001A601CBA00E9B192 /* Products */;
			projectDirPath = "";
			projectRoot = "";
			targets = (
				13B07F861A680F5B00A75B9A /* LearnTrulyBare */,
				00E356ED1AD99517003FC87E /* LearnTrulyBareTests */,
				2D02E47A1E0B4A5D006451C7 /* LearnTrulyBare-tvOS */,
				2D02E48F1E0B4A5D006451C7 /* LearnTrulyBare-tvOSTests */,
			);
		};
/* End PBXProject section */

/* Begin PBXResourcesBuildPhase section */
		00E356EC1AD99517003FC87E /* Resources */ = {
			isa = PBXResourcesBuildPhase;
			buildActionMask = 2147483647;
			files = (
			);
			runOnlyForDeploymentPostprocessing = 0;
		};
		13B07F8E1A680F5B00A75B9A /* Resources */ = {
			isa = PBXResourcesBuildPhase;
			buildActionMask = 2147483647;
			files = (
				13B07FBF1A68108700A75B9A /* Images.xcassets in Resources */,
				13B07FBD1A68108700A75B9A /* LaunchScreen.xib in Resources */,
				90D01C6531CD4731AE128042 /* SourceSansPro-Black.ttf in Resources */,
				595E1BE22EF949A4868BB8F2 /* SourceSansPro-BlackItalic.ttf in Resources */,
				0002DEC6EE58442AA6B8DBFC /* SourceSansPro-Bold.ttf in Resources */,
				EE0C3E8AA8CA4D1E84ED117E /* SourceSansPro-BoldItalic.ttf in Resources */,
				11C90283B3D44271B536BE00 /* SourceSansPro-ExtraLight.ttf in Resources */,
				7F9CB5BDF50642DE887D61B8 /* SourceSansPro-ExtraLightItalic.ttf in Resources */,
				2FDF903EF87B4409A98AEBD0 /* SourceSansPro-Italic.ttf in Resources */,
				9FAB2746BA4D444DA0D41835 /* SourceSansPro-Light.ttf in Resources */,
				E099225E3B0A46FBA3592C11 /* SourceSansPro-LightItalic.ttf in Resources */,
				8F96EC57537B47109B80483B /* SourceSansPro-Regular.ttf in Resources */,
				37670E50E3844B418F2C7BEE /* SourceSansPro-SemiBold.ttf in Resources */,
				AC4D096A2798467FB7754644 /* SourceSansPro-SemiBoldItalic.ttf in Resources */,
				A6534B18CC514D25A411554E /* th.jpg in Resources */,
				704A145AC5994940879351AA /* back.jpg in Resources */,
				33072083BA9443E3A5ACC4E1 /* back.png in Resources */,
				17F35045CACF454F81CBF5EC /* Logo-wo-background.png in Resources */,
				72773DBFD5274DDF919E9F1F /* Logo.png in Resources */,
				D2ED0683F1E74DD390B64716 /* TitilliumWeb-Black.ttf in Resources */,
				F4B772BE7BE84300A1C1DC94 /* TitilliumWeb-Bold.ttf in Resources */,
				B825FB4CE4E64117A35D8283 /* TitilliumWeb-BoldItalic.ttf in Resources */,
				225FE0BA15A84A358009186C /* TitilliumWeb-ExtraLight.ttf in Resources */,
				C8917BBE2F074D689CF8D5C1 /* TitilliumWeb-ExtraLightItalic.ttf in Resources */,
				26A6A3342AFB43E48CC1B368 /* TitilliumWeb-Italic.ttf in Resources */,
				16B8AF2295D046628448CFC0 /* TitilliumWeb-Light.ttf in Resources */,
				B03B9DE2CDB64703B162ED49 /* TitilliumWeb-LightItalic.ttf in Resources */,
				55A2DEED629D4A62BC99A059 /* TitilliumWeb-Regular.ttf in Resources */,
				0B8BC8AF65C5427194C6FF83 /* TitilliumWeb-SemiBold.ttf in Resources */,
				2B2CEBC330CA46F4B1C0089F /* TitilliumWeb-SemiBoldItalic.ttf in Resources */,
				5BFE4ACF888743889B43DF10 /* AntDesign.ttf in Resources */,
				89E69BAFA95D47F6A07225F7 /* Entypo.ttf in Resources */,
				AE4D7D5F70994EA9B8CCBF6F /* EvilIcons.ttf in Resources */,
				63A578300D0A4A8B8F43AF2A /* Feather.ttf in Resources */,
				DEA53D3716784CC29965F8B8 /* FontAwesome.ttf in Resources */,
				13A925BDC6314F9DB433F9D9 /* FontAwesome5_Brands.ttf in Resources */,
				3F6BCBC7B129444CBED98C67 /* FontAwesome5_Regular.ttf in Resources */,
				5DA0F5D59F7D46E28E695578 /* FontAwesome5_Solid.ttf in Resources */,
				897F79A661D841FC9D61894F /* Fontisto.ttf in Resources */,
				C58B616F33674DAAA4E78A6E /* Foundation.ttf in Resources */,
				1840DC5B73DF452DBFE64C8E /* Ionicons.ttf in Resources */,
				E7773927891E4172A5446BD2 /* MaterialCommunityIcons.ttf in Resources */,
				0E279B29F461498D8C6B1B80 /* MaterialIcons.ttf in Resources */,
				6362C739998541EE82B5B6F4 /* Octicons.ttf in Resources */,
				4ADF14F936634027A97DA3F1 /* SimpleLineIcons.ttf in Resources */,
				0CD33901E26E45A3A324ED62 /* Zocial.ttf in Resources */,
				2E360E3507984B20B297D000 /* Montserrat-Black.ttf in Resources */,
				AB289EA2E0094FA2A2E0D428 /* Montserrat-BlackItalic.ttf in Resources */,
				BCC7C0B5DAE5474597EF71B4 /* Montserrat-Bold.ttf in Resources */,
				151D4270B40C4FBEBE41D001 /* Montserrat-BoldItalic.ttf in Resources */,
				2619F96D7B4C4726A5FF8CCF /* Montserrat-ExtraBold.ttf in Resources */,
				B8F0D4FF815741E59F0AF723 /* Montserrat-ExtraBoldItalic.ttf in Resources */,
				FB3579122F664D80A807BD32 /* Montserrat-ExtraLight.ttf in Resources */,
				4CA707EDE4904076822EDC68 /* Montserrat-ExtraLightItalic.ttf in Resources */,
				64D2CB7C44F64C0D946B929D /* Montserrat-Italic.ttf in Resources */,
				2BBEB5C6C97749CEB5E8B6E7 /* Montserrat-Light.ttf in Resources */,
				8FC2E13117F643C7AC1C069C /* Montserrat-LightItalic.ttf in Resources */,
				DFA824B15E14411FBBA6CA91 /* Montserrat-Medium.ttf in Resources */,
				094640D1263B43EC9F042179 /* Montserrat-MediumItalic.ttf in Resources */,
				268DDBD99F504A50A7785E33 /* Montserrat-Regular.ttf in Resources */,
				2CA6DD3B5B5345B9B4626BC4 /* Montserrat-SemiBold.ttf in Resources */,
				CDAB01D03AB847E8BCB59753 /* Montserrat-SemiBoldItalic.ttf in Resources */,
				80669BD880BD4A628ED83F88 /* Montserrat-Thin.ttf in Resources */,
				FC8AA8BBAD6B477B8D3AF6B6 /* Montserrat-ThinItalic.ttf in Resources */,
			);
			runOnlyForDeploymentPostprocessing = 0;
		};
		2D02E4791E0B4A5D006451C7 /* Resources */ = {
			isa = PBXResourcesBuildPhase;
			buildActionMask = 2147483647;
			files = (
				2D02E4BD1E0B4A84006451C7 /* Images.xcassets in Resources */,
			);
			runOnlyForDeploymentPostprocessing = 0;
		};
		2D02E48E1E0B4A5D006451C7 /* Resources */ = {
			isa = PBXResourcesBuildPhase;
			buildActionMask = 2147483647;
			files = (
			);
			runOnlyForDeploymentPostprocessing = 0;
		};
/* End PBXResourcesBuildPhase section */

/* Begin PBXShellScriptBuildPhase section */
		00DD1BFF1BD5951E006B06BC /* Bundle React Native code and images */ = {
			isa = PBXShellScriptBuildPhase;
			buildActionMask = 2147483647;
			files = (
			);
			inputPaths = (
			);
			name = "Bundle React Native code and images";
			outputPaths = (
			);
			runOnlyForDeploymentPostprocessing = 0;
			shellPath = /bin/sh;
			shellScript = "export NODE_BINARY=node\n../node_modules/react-native/scripts/react-native-xcode.sh";
		};
		2D02E4CB1E0B4B27006451C7 /* Bundle React Native Code And Images */ = {
			isa = PBXShellScriptBuildPhase;
			buildActionMask = 2147483647;
			files = (
			);
			inputPaths = (
			);
			name = "Bundle React Native Code And Images";
			outputPaths = (
			);
			runOnlyForDeploymentPostprocessing = 0;
			shellPath = /bin/sh;
			shellScript = "export NODE_BINARY=node\n../node_modules/react-native/scripts/react-native-xcode.sh";
		};
		FD10A7F022414F080027D42C /* Start Packager */ = {
			isa = PBXShellScriptBuildPhase;
			buildActionMask = 2147483647;
			files = (
			);
			inputFileListPaths = (
			);
			inputPaths = (
			);
			name = "Start Packager";
			outputFileListPaths = (
			);
			outputPaths = (
			);
			runOnlyForDeploymentPostprocessing = 0;
			shellPath = /bin/sh;
			shellScript = "export RCT_METRO_PORT=\"${RCT_METRO_PORT:=8081}\"\necho \"export RCT_METRO_PORT=${RCT_METRO_PORT}\" > \"${SRCROOT}/../node_modules/react-native/scripts/.packager.env\"\nif [ -z \"${RCT_NO_LAUNCH_PACKAGER+xxx}\" ] ; then\n  if nc -w 5 -z localhost ${RCT_METRO_PORT} ; then\n    if ! curl -s \"http://localhost:${RCT_METRO_PORT}/status\" | grep -q \"packager-status:running\" ; then\n      echo \"Port ${RCT_METRO_PORT} already in use, packager is either not running or not running correctly\"\n      exit 2\n    fi\n  else\n    open \"$SRCROOT/../node_modules/react-native/scripts/launchPackager.command\" || echo \"Can't start packager automatically\"\n  fi\nfi\n";
			showEnvVarsInLog = 0;
		};
		FD10A7F122414F3F0027D42C /* Start Packager */ = {
			isa = PBXShellScriptBuildPhase;
			buildActionMask = 2147483647;
			files = (
			);
			inputFileListPaths = (
			);
			inputPaths = (
			);
			name = "Start Packager";
			outputFileListPaths = (
			);
			outputPaths = (
			);
			runOnlyForDeploymentPostprocessing = 0;
			shellPath = /bin/sh;
			shellScript = "export RCT_METRO_PORT=\"${RCT_METRO_PORT:=8081}\"\necho \"export RCT_METRO_PORT=${RCT_METRO_PORT}\" > \"${SRCROOT}/../node_modules/react-native/scripts/.packager.env\"\nif [ -z \"${RCT_NO_LAUNCH_PACKAGER+xxx}\" ] ; then\n  if nc -w 5 -z localhost ${RCT_METRO_PORT} ; then\n    if ! curl -s \"http://localhost:${RCT_METRO_PORT}/status\" | grep -q \"packager-status:running\" ; then\n      echo \"Port ${RCT_METRO_PORT} already in use, packager is either not running or not running correctly\"\n      exit 2\n    fi\n  else\n    open \"$SRCROOT/../node_modules/react-native/scripts/launchPackager.command\" || echo \"Can't start packager automatically\"\n  fi\nfi\n";
			showEnvVarsInLog = 0;
		};
/* End PBXShellScriptBuildPhase section */

/* Begin PBXSourcesBuildPhase section */
		00E356EA1AD99517003FC87E /* Sources */ = {
			isa = PBXSourcesBuildPhase;
			buildActionMask = 2147483647;
			files = (
				00E356F31AD99517003FC87E /* LearnTrulyBareTests.m in Sources */,
			);
			runOnlyForDeploymentPostprocessing = 0;
		};
		13B07F871A680F5B00A75B9A /* Sources */ = {
			isa = PBXSourcesBuildPhase;
			buildActionMask = 2147483647;
			files = (
				13B07FBC1A68108700A75B9A /* AppDelegate.m in Sources */,
				13B07FC11A68108700A75B9A /* main.m in Sources */,
			);
			runOnlyForDeploymentPostprocessing = 0;
		};
		2D02E4771E0B4A5D006451C7 /* Sources */ = {
			isa = PBXSourcesBuildPhase;
			buildActionMask = 2147483647;
			files = (
				2D02E4BF1E0B4AB3006451C7 /* main.m in Sources */,
				2D02E4BC1E0B4A80006451C7 /* AppDelegate.m in Sources */,
			);
			runOnlyForDeploymentPostprocessing = 0;
		};
		2D02E48C1E0B4A5D006451C7 /* Sources */ = {
			isa = PBXSourcesBuildPhase;
			buildActionMask = 2147483647;
			files = (
				2DCD954D1E0B4F2C00145EB5 /* LearnTrulyBareTests.m in Sources */,
			);
			runOnlyForDeploymentPostprocessing = 0;
		};
/* End PBXSourcesBuildPhase section */

/* Begin PBXTargetDependency section */
		00E356F51AD99517003FC87E /* PBXTargetDependency */ = {
			isa = PBXTargetDependency;
			target = 13B07F861A680F5B00A75B9A /* LearnTrulyBare */;
			targetProxy = 00E356F41AD99517003FC87E /* PBXContainerItemProxy */;
		};
		2D02E4921E0B4A5D006451C7 /* PBXTargetDependency */ = {
			isa = PBXTargetDependency;
			target = 2D02E47A1E0B4A5D006451C7 /* LearnTrulyBare-tvOS */;
			targetProxy = 2D02E4911E0B4A5D006451C7 /* PBXContainerItemProxy */;
		};
/* End PBXTargetDependency section */

/* Begin PBXVariantGroup section */
		13B07FB11A68108700A75B9A /* LaunchScreen.xib */ = {
			isa = PBXVariantGroup;
			children = (
				13B07FB21A68108700A75B9A /* Base */,
			);
			name = LaunchScreen.xib;
			path = LearnTrulyBare;
			sourceTree = "<group>";
		};
/* End PBXVariantGroup section */

/* Begin XCBuildConfiguration section */
		00E356F61AD99517003FC87E /* Debug */ = {
			isa = XCBuildConfiguration;
			buildSettings = {
				BUNDLE_LOADER = "$(TEST_HOST)";
				GCC_PREPROCESSOR_DEFINITIONS = (
					"DEBUG=1",
					"$(inherited)",
				);
				INFOPLIST_FILE = LearnTrulyBareTests/Info.plist;
				IPHONEOS_DEPLOYMENT_TARGET = 9.0;
				LD_RUNPATH_SEARCH_PATHS = "$(inherited) @executable_path/Frameworks @loader_path/Frameworks";
				OTHER_LDFLAGS = (
					"-ObjC",
					"-lc++",
					"$(inherited)",
				);
				PRODUCT_BUNDLE_IDENTIFIER = "org.reactjs.native.example.$(PRODUCT_NAME:rfc1034identifier)";
				PRODUCT_NAME = "$(TARGET_NAME)";
				TEST_HOST = "$(BUILT_PRODUCTS_DIR)/LearnTrulyBare.app/LearnTrulyBare";
			};
			name = Debug;
		};
		00E356F71AD99517003FC87E /* Release */ = {
			isa = XCBuildConfiguration;
			buildSettings = {
				BUNDLE_LOADER = "$(TEST_HOST)";
				COPY_PHASE_STRIP = NO;
				INFOPLIST_FILE = LearnTrulyBareTests/Info.plist;
				IPHONEOS_DEPLOYMENT_TARGET = 9.0;
				LD_RUNPATH_SEARCH_PATHS = "$(inherited) @executable_path/Frameworks @loader_path/Frameworks";
				OTHER_LDFLAGS = (
					"-ObjC",
					"-lc++",
					"$(inherited)",
				);
				PRODUCT_BUNDLE_IDENTIFIER = "org.reactjs.native.example.$(PRODUCT_NAME:rfc1034identifier)";
				PRODUCT_NAME = "$(TARGET_NAME)";
				TEST_HOST = "$(BUILT_PRODUCTS_DIR)/LearnTrulyBare.app/LearnTrulyBare";
			};
			name = Release;
		};
		13B07F941A680F5B00A75B9A /* Debug */ = {
			isa = XCBuildConfiguration;
			buildSettings = {
				ASSETCATALOG_COMPILER_APPICON_NAME = AppIcon;
				CLANG_ENABLE_MODULES = YES;
				CURRENT_PROJECT_VERSION = 1;
				ENABLE_BITCODE = NO;
				GCC_PREPROCESSOR_DEFINITIONS = (
					"$(inherited)",
					"FB_SONARKIT_ENABLED=1",
				);
				INFOPLIST_FILE = LearnTrulyBare/Info.plist;
				LD_RUNPATH_SEARCH_PATHS = "$(inherited) @executable_path/Frameworks";
				OTHER_LDFLAGS = (
					"$(inherited)",
					"-ObjC",
					"-lc++",
				);
				PRODUCT_BUNDLE_IDENTIFIER = "org.reactjs.native.example.$(PRODUCT_NAME:rfc1034identifier)";
				PRODUCT_NAME = LearnTrulyBare;
				SWIFT_OPTIMIZATION_LEVEL = "-Onone";
				SWIFT_VERSION = 5.0;
				VERSIONING_SYSTEM = "apple-generic";
			};
			name = Debug;
		};
		13B07F951A680F5B00A75B9A /* Release */ = {
			isa = XCBuildConfiguration;
			buildSettings = {
				ASSETCATALOG_COMPILER_APPICON_NAME = AppIcon;
				CLANG_ENABLE_MODULES = YES;
				CURRENT_PROJECT_VERSION = 1;
				INFOPLIST_FILE = LearnTrulyBare/Info.plist;
				LD_RUNPATH_SEARCH_PATHS = "$(inherited) @executable_path/Frameworks";
				OTHER_LDFLAGS = (
					"$(inherited)",
					"-ObjC",
					"-lc++",
				);
				PRODUCT_BUNDLE_IDENTIFIER = "org.reactjs.native.example.$(PRODUCT_NAME:rfc1034identifier)";
				PRODUCT_NAME = LearnTrulyBare;
				SWIFT_VERSION = 5.0;
				VERSIONING_SYSTEM = "apple-generic";
			};
			name = Release;
		};
		2D02E4971E0B4A5E006451C7 /* Debug */ = {
			isa = XCBuildConfiguration;
			buildSettings = {
				ASSETCATALOG_COMPILER_APPICON_NAME = "App Icon & Top Shelf Image";
				ASSETCATALOG_COMPILER_LAUNCHIMAGE_NAME = LaunchImage;
				CLANG_ANALYZER_NONNULL = YES;
				CLANG_WARN_DOCUMENTATION_COMMENTS = YES;
				CLANG_WARN_INFINITE_RECURSION = YES;
				CLANG_WARN_SUSPICIOUS_MOVE = YES;
				DEBUG_INFORMATION_FORMAT = dwarf;
				ENABLE_TESTABILITY = YES;
				GCC_NO_COMMON_BLOCKS = YES;
				INFOPLIST_FILE = "LearnTrulyBare-tvOS/Info.plist";
				LD_RUNPATH_SEARCH_PATHS = "$(inherited) @executable_path/Frameworks";
				OTHER_LDFLAGS = (
					"$(inherited)",
					"-ObjC",
					"-lc++",
				);
				PRODUCT_BUNDLE_IDENTIFIER = "org.reactjs.native.example.LearnTrulyBare-tvOS";
				PRODUCT_NAME = "$(TARGET_NAME)";
				SDKROOT = appletvos;
				TARGETED_DEVICE_FAMILY = 3;
				TVOS_DEPLOYMENT_TARGET = 9.2;
			};
			name = Debug;
		};
		2D02E4981E0B4A5E006451C7 /* Release */ = {
			isa = XCBuildConfiguration;
			buildSettings = {
				ASSETCATALOG_COMPILER_APPICON_NAME = "App Icon & Top Shelf Image";
				ASSETCATALOG_COMPILER_LAUNCHIMAGE_NAME = LaunchImage;
				CLANG_ANALYZER_NONNULL = YES;
				CLANG_WARN_DOCUMENTATION_COMMENTS = YES;
				CLANG_WARN_INFINITE_RECURSION = YES;
				CLANG_WARN_SUSPICIOUS_MOVE = YES;
				COPY_PHASE_STRIP = NO;
				DEBUG_INFORMATION_FORMAT = "dwarf-with-dsym";
				GCC_NO_COMMON_BLOCKS = YES;
				INFOPLIST_FILE = "LearnTrulyBare-tvOS/Info.plist";
				LD_RUNPATH_SEARCH_PATHS = "$(inherited) @executable_path/Frameworks";
				OTHER_LDFLAGS = (
					"$(inherited)",
					"-ObjC",
					"-lc++",
				);
				PRODUCT_BUNDLE_IDENTIFIER = "org.reactjs.native.example.LearnTrulyBare-tvOS";
				PRODUCT_NAME = "$(TARGET_NAME)";
				SDKROOT = appletvos;
				TARGETED_DEVICE_FAMILY = 3;
				TVOS_DEPLOYMENT_TARGET = 9.2;
			};
			name = Release;
		};
		2D02E4991E0B4A5E006451C7 /* Debug */ = {
			isa = XCBuildConfiguration;
			buildSettings = {
				BUNDLE_LOADER = "$(TEST_HOST)";
				CLANG_ANALYZER_NONNULL = YES;
				CLANG_WARN_DOCUMENTATION_COMMENTS = YES;
				CLANG_WARN_INFINITE_RECURSION = YES;
				CLANG_WARN_SUSPICIOUS_MOVE = YES;
				DEBUG_INFORMATION_FORMAT = dwarf;
				ENABLE_TESTABILITY = YES;
				GCC_NO_COMMON_BLOCKS = YES;
				INFOPLIST_FILE = "LearnTrulyBare-tvOSTests/Info.plist";
				LD_RUNPATH_SEARCH_PATHS = "$(inherited) @executable_path/Frameworks @loader_path/Frameworks";
				OTHER_LDFLAGS = (
					"$(inherited)",
					"-ObjC",
					"-lc++",
				);
				PRODUCT_BUNDLE_IDENTIFIER = "org.reactjs.native.example.LearnTrulyBare-tvOSTests";
				PRODUCT_NAME = "$(TARGET_NAME)";
				SDKROOT = appletvos;
				TEST_HOST = "$(BUILT_PRODUCTS_DIR)/LearnTrulyBare-tvOS.app/LearnTrulyBare-tvOS";
				TVOS_DEPLOYMENT_TARGET = 10.1;
			};
			name = Debug;
		};
		2D02E49A1E0B4A5E006451C7 /* Release */ = {
			isa = XCBuildConfiguration;
			buildSettings = {
				BUNDLE_LOADER = "$(TEST_HOST)";
				CLANG_ANALYZER_NONNULL = YES;
				CLANG_WARN_DOCUMENTATION_COMMENTS = YES;
				CLANG_WARN_INFINITE_RECURSION = YES;
				CLANG_WARN_SUSPICIOUS_MOVE = YES;
				COPY_PHASE_STRIP = NO;
				DEBUG_INFORMATION_FORMAT = "dwarf-with-dsym";
				GCC_NO_COMMON_BLOCKS = YES;
				INFOPLIST_FILE = "LearnTrulyBare-tvOSTests/Info.plist";
				LD_RUNPATH_SEARCH_PATHS = "$(inherited) @executable_path/Frameworks @loader_path/Frameworks";
				OTHER_LDFLAGS = (
					"$(inherited)",
					"-ObjC",
					"-lc++",
				);
				PRODUCT_BUNDLE_IDENTIFIER = "org.reactjs.native.example.LearnTrulyBare-tvOSTests";
				PRODUCT_NAME = "$(TARGET_NAME)";
				SDKROOT = appletvos;
				TEST_HOST = "$(BUILT_PRODUCTS_DIR)/LearnTrulyBare-tvOS.app/LearnTrulyBare-tvOS";
				TVOS_DEPLOYMENT_TARGET = 10.1;
			};
			name = Release;
		};
		83CBBA201A601CBA00E9B192 /* Debug */ = {
			isa = XCBuildConfiguration;
			buildSettings = {
				ALWAYS_SEARCH_USER_PATHS = NO;
				CLANG_ANALYZER_LOCALIZABILITY_NONLOCALIZED = YES;
				CLANG_CXX_LANGUAGE_STANDARD = "gnu++0x";
				CLANG_CXX_LIBRARY = "libc++";
				CLANG_ENABLE_MODULES = YES;
				CLANG_ENABLE_OBJC_ARC = YES;
				CLANG_WARN_BLOCK_CAPTURE_AUTORELEASING = YES;
				CLANG_WARN_BOOL_CONVERSION = YES;
				CLANG_WARN_COMMA = YES;
				CLANG_WARN_CONSTANT_CONVERSION = YES;
				CLANG_WARN_DEPRECATED_OBJC_IMPLEMENTATIONS = YES;
				CLANG_WARN_DIRECT_OBJC_ISA_USAGE = YES_ERROR;
				CLANG_WARN_EMPTY_BODY = YES;
				CLANG_WARN_ENUM_CONVERSION = YES;
				CLANG_WARN_INFINITE_RECURSION = YES;
				CLANG_WARN_INT_CONVERSION = YES;
				CLANG_WARN_NON_LITERAL_NULL_CONVERSION = YES;
				CLANG_WARN_OBJC_IMPLICIT_RETAIN_SELF = YES;
				CLANG_WARN_OBJC_LITERAL_CONVERSION = YES;
				CLANG_WARN_OBJC_ROOT_CLASS = YES_ERROR;
				CLANG_WARN_RANGE_LOOP_ANALYSIS = YES;
				CLANG_WARN_STRICT_PROTOTYPES = YES;
				CLANG_WARN_SUSPICIOUS_MOVE = YES;
				CLANG_WARN_UNREACHABLE_CODE = YES;
				CLANG_WARN__DUPLICATE_METHOD_MATCH = YES;
				"CODE_SIGN_IDENTITY[sdk=iphoneos*]" = "iPhone Developer";
				COPY_PHASE_STRIP = NO;
				ENABLE_STRICT_OBJC_MSGSEND = YES;
				ENABLE_TESTABILITY = YES;
				GCC_C_LANGUAGE_STANDARD = gnu99;
				GCC_DYNAMIC_NO_PIC = NO;
				GCC_NO_COMMON_BLOCKS = YES;
				GCC_OPTIMIZATION_LEVEL = 0;
				GCC_PREPROCESSOR_DEFINITIONS = (
					"DEBUG=1",
					"$(inherited)",
				);
				GCC_SYMBOLS_PRIVATE_EXTERN = NO;
				GCC_WARN_64_TO_32_BIT_CONVERSION = YES;
				GCC_WARN_ABOUT_RETURN_TYPE = YES_ERROR;
				GCC_WARN_UNDECLARED_SELECTOR = YES;
				GCC_WARN_UNINITIALIZED_AUTOS = YES_AGGRESSIVE;
				GCC_WARN_UNUSED_FUNCTION = YES;
				GCC_WARN_UNUSED_VARIABLE = YES;
				IPHONEOS_DEPLOYMENT_TARGET = 9.0;
				LD_RUNPATH_SEARCH_PATHS = "/usr/lib/swift $(inherited)";
				LIBRARY_SEARCH_PATHS = (
					"\"$(TOOLCHAIN_DIR)/usr/lib/swift/$(PLATFORM_NAME)\"",
					"\"$(TOOLCHAIN_DIR)/usr/lib/swift-5.0/$(PLATFORM_NAME)\"",
					"\"$(inherited)\"",
				);
				MTL_ENABLE_DEBUG_INFO = YES;
				ONLY_ACTIVE_ARCH = YES;
				SDKROOT = iphoneos;
			};
			name = Debug;
		};
		83CBBA211A601CBA00E9B192 /* Release */ = {
			isa = XCBuildConfiguration;
			buildSettings = {
				ALWAYS_SEARCH_USER_PATHS = NO;
				CLANG_ANALYZER_LOCALIZABILITY_NONLOCALIZED = YES;
				CLANG_CXX_LANGUAGE_STANDARD = "gnu++0x";
				CLANG_CXX_LIBRARY = "libc++";
				CLANG_ENABLE_MODULES = YES;
				CLANG_ENABLE_OBJC_ARC = YES;
				CLANG_WARN_BLOCK_CAPTURE_AUTORELEASING = YES;
				CLANG_WARN_BOOL_CONVERSION = YES;
				CLANG_WARN_COMMA = YES;
				CLANG_WARN_CONSTANT_CONVERSION = YES;
				CLANG_WARN_DEPRECATED_OBJC_IMPLEMENTATIONS = YES;
				CLANG_WARN_DIRECT_OBJC_ISA_USAGE = YES_ERROR;
				CLANG_WARN_EMPTY_BODY = YES;
				CLANG_WARN_ENUM_CONVERSION = YES;
				CLANG_WARN_INFINITE_RECURSION = YES;
				CLANG_WARN_INT_CONVERSION = YES;
				CLANG_WARN_NON_LITERAL_NULL_CONVERSION = YES;
				CLANG_WARN_OBJC_IMPLICIT_RETAIN_SELF = YES;
				CLANG_WARN_OBJC_LITERAL_CONVERSION = YES;
				CLANG_WARN_OBJC_ROOT_CLASS = YES_ERROR;
				CLANG_WARN_RANGE_LOOP_ANALYSIS = YES;
				CLANG_WARN_STRICT_PROTOTYPES = YES;
				CLANG_WARN_SUSPICIOUS_MOVE = YES;
				CLANG_WARN_UNREACHABLE_CODE = YES;
				CLANG_WARN__DUPLICATE_METHOD_MATCH = YES;
				"CODE_SIGN_IDENTITY[sdk=iphoneos*]" = "iPhone Developer";
				COPY_PHASE_STRIP = YES;
				ENABLE_NS_ASSERTIONS = NO;
				ENABLE_STRICT_OBJC_MSGSEND = YES;
				GCC_C_LANGUAGE_STANDARD = gnu99;
				GCC_NO_COMMON_BLOCKS = YES;
				GCC_WARN_64_TO_32_BIT_CONVERSION = YES;
				GCC_WARN_ABOUT_RETURN_TYPE = YES_ERROR;
				GCC_WARN_UNDECLARED_SELECTOR = YES;
				GCC_WARN_UNINITIALIZED_AUTOS = YES_AGGRESSIVE;
				GCC_WARN_UNUSED_FUNCTION = YES;
				GCC_WARN_UNUSED_VARIABLE = YES;
				IPHONEOS_DEPLOYMENT_TARGET = 9.0;
				LD_RUNPATH_SEARCH_PATHS = "/usr/lib/swift $(inherited)";
				LIBRARY_SEARCH_PATHS = (
					"\"$(TOOLCHAIN_DIR)/usr/lib/swift/$(PLATFORM_NAME)\"",
					"\"$(TOOLCHAIN_DIR)/usr/lib/swift-5.0/$(PLATFORM_NAME)\"",
					"\"$(inherited)\"",
				);
				MTL_ENABLE_DEBUG_INFO = NO;
				SDKROOT = iphoneos;
				VALIDATE_PRODUCT = YES;
			};
			name = Release;
		};
/* End XCBuildConfiguration section */

/* Begin XCConfigurationList section */
		00E357021AD99517003FC87E /* Build configuration list for PBXNativeTarget "LearnTrulyBareTests" */ = {
			isa = XCConfigurationList;
			buildConfigurations = (
				00E356F61AD99517003FC87E /* Debug */,
				00E356F71AD99517003FC87E /* Release */,
			);
			defaultConfigurationIsVisible = 0;
			defaultConfigurationName = Release;
		};
		13B07F931A680F5B00A75B9A /* Build configuration list for PBXNativeTarget "LearnTrulyBare" */ = {
			isa = XCConfigurationList;
			buildConfigurations = (
				13B07F941A680F5B00A75B9A /* Debug */,
				13B07F951A680F5B00A75B9A /* Release */,
			);
			defaultConfigurationIsVisible = 0;
			defaultConfigurationName = Release;
		};
		2D02E4BA1E0B4A5E006451C7 /* Build configuration list for PBXNativeTarget "LearnTrulyBare-tvOS" */ = {
			isa = XCConfigurationList;
			buildConfigurations = (
				2D02E4971E0B4A5E006451C7 /* Debug */,
				2D02E4981E0B4A5E006451C7 /* Release */,
			);
			defaultConfigurationIsVisible = 0;
			defaultConfigurationName = Release;
		};
		2D02E4BB1E0B4A5E006451C7 /* Build configuration list for PBXNativeTarget "LearnTrulyBare-tvOSTests" */ = {
			isa = XCConfigurationList;
			buildConfigurations = (
				2D02E4991E0B4A5E006451C7 /* Debug */,
				2D02E49A1E0B4A5E006451C7 /* Release */,
			);
			defaultConfigurationIsVisible = 0;
			defaultConfigurationName = Release;
		};
		83CBB9FA1A601CBA00E9B192 /* Build configuration list for PBXProject "LearnTrulyBare" */ = {
			isa = XCConfigurationList;
			buildConfigurations = (
				83CBBA201A601CBA00E9B192 /* Debug */,
				83CBBA211A601CBA00E9B192 /* Release */,
			);
			defaultConfigurationIsVisible = 0;
			defaultConfigurationName = Release;
		};
/* End XCConfigurationList section */
	};
	rootObject = 83CBB9F71A601CBA00E9B192 /* Project object */;
}
